// !$*UTF8*$!
{
	archiveVersion = 1;
	classes = {
	};
	objectVersion = 56;
	objects = {

/* Begin PBXBuildFile section */
		6C34344A2C45ED9B00DD34E7 /* GatherLandingScreen.swift in Sources */ = {isa = PBXBuildFile; fileRef = 6C3434492C45ED9B00DD34E7 /* GatherLandingScreen.swift */; };
		6C34344C2C45F15E00DD34E7 /* AppFlowController.swift in Sources */ = {isa = PBXBuildFile; fileRef = 6C34344B2C45F15E00DD34E7 /* AppFlowController.swift */; };
		6C34344E2C59ACD000DD34E7 /* CreateEventScreen.swift in Sources */ = {isa = PBXBuildFile; fileRef = 6C34344D2C59ACD000DD34E7 /* CreateEventScreen.swift */; };
		6C5732A02C3CB05A00D0D370 /* GatherApp.swift in Sources */ = {isa = PBXBuildFile; fileRef = 6C57329F2C3CB05A00D0D370 /* GatherApp.swift */; };
		6C5732A22C3CB05A00D0D370 /* ContentView.swift in Sources */ = {isa = PBXBuildFile; fileRef = 6C5732A12C3CB05A00D0D370 /* ContentView.swift */; };
		6C5732A42C3CB05B00D0D370 /* Assets.xcassets in Resources */ = {isa = PBXBuildFile; fileRef = 6C5732A32C3CB05B00D0D370 /* Assets.xcassets */; };
		6C5732A72C3CB05B00D0D370 /* Preview Assets.xcassets in Resources */ = {isa = PBXBuildFile; fileRef = 6C5732A62C3CB05B00D0D370 /* Preview Assets.xcassets */; };
		6C5732B12C3CB05C00D0D370 /* GatherTests.swift in Sources */ = {isa = PBXBuildFile; fileRef = 6C5732B02C3CB05C00D0D370 /* GatherTests.swift */; };
		6C5732BB2C3CB05C00D0D370 /* GatherUITests.swift in Sources */ = {isa = PBXBuildFile; fileRef = 6C5732BA2C3CB05C00D0D370 /* GatherUITests.swift */; };
		6C5732BD2C3CB05C00D0D370 /* GatherUITestsLaunchTests.swift in Sources */ = {isa = PBXBuildFile; fileRef = 6C5732BC2C3CB05C00D0D370 /* GatherUITestsLaunchTests.swift */; };
		6C9456602CEFCF6300FB4D5F /* EditEventScreen.swift in Sources */ = {isa = PBXBuildFile; fileRef = 6C94565F2CEFCF6300FB4D5F /* EditEventScreen.swift */; };
		6CC64D542CEFB09400828F86 /* EventData.swift in Sources */ = {isa = PBXBuildFile; fileRef = 6CC64D532CEFB09400828F86 /* EventData.swift */; };
		6CC64D5A2CEFB54400828F86 /* GatherButton.swift in Sources */ = {isa = PBXBuildFile; fileRef = 6CC64D592CEFB54400828F86 /* GatherButton.swift */; };
		6CC64D5C2CEFCA4800828F86 /* ViewEventsScreen.swift in Sources */ = {isa = PBXBuildFile; fileRef = 6CC64D5B2CEFCA4800828F86 /* ViewEventsScreen.swift */; };
/* End PBXBuildFile section */

/* Begin PBXContainerItemProxy section */
		6C5732AD2C3CB05C00D0D370 /* PBXContainerItemProxy */ = {
			isa = PBXContainerItemProxy;
			containerPortal = 6C5732942C3CB05A00D0D370 /* Project object */;
			proxyType = 1;
			remoteGlobalIDString = 6C57329B2C3CB05A00D0D370;
			remoteInfo = Gather;
		};
		6C5732B72C3CB05C00D0D370 /* PBXContainerItemProxy */ = {
			isa = PBXContainerItemProxy;
			containerPortal = 6C5732942C3CB05A00D0D370 /* Project object */;
			proxyType = 1;
			remoteGlobalIDString = 6C57329B2C3CB05A00D0D370;
			remoteInfo = Gather;
		};
/* End PBXContainerItemProxy section */

/* Begin PBXFileReference section */
		6C3434492C45ED9B00DD34E7 /* GatherLandingScreen.swift */ = {isa = PBXFileReference; lastKnownFileType = sourcecode.swift; path = GatherLandingScreen.swift; sourceTree = "<group>"; };
		6C34344B2C45F15E00DD34E7 /* AppFlowController.swift */ = {isa = PBXFileReference; lastKnownFileType = sourcecode.swift; path = AppFlowController.swift; sourceTree = "<group>"; };
		6C34344D2C59ACD000DD34E7 /* CreateEventScreen.swift */ = {isa = PBXFileReference; lastKnownFileType = sourcecode.swift; path = CreateEventScreen.swift; sourceTree = "<group>"; };
		6C57329C2C3CB05A00D0D370 /* Gather.app */ = {isa = PBXFileReference; explicitFileType = wrapper.application; includeInIndex = 0; path = Gather.app; sourceTree = BUILT_PRODUCTS_DIR; };
		6C57329F2C3CB05A00D0D370 /* GatherApp.swift */ = {isa = PBXFileReference; lastKnownFileType = sourcecode.swift; path = GatherApp.swift; sourceTree = "<group>"; };
		6C5732A12C3CB05A00D0D370 /* ContentView.swift */ = {isa = PBXFileReference; lastKnownFileType = sourcecode.swift; path = ContentView.swift; sourceTree = "<group>"; };
		6C5732A32C3CB05B00D0D370 /* Assets.xcassets */ = {isa = PBXFileReference; lastKnownFileType = folder.assetcatalog; path = Assets.xcassets; sourceTree = "<group>"; };
		6C5732A62C3CB05B00D0D370 /* Preview Assets.xcassets */ = {isa = PBXFileReference; lastKnownFileType = folder.assetcatalog; path = "Preview Assets.xcassets"; sourceTree = "<group>"; };
		6C5732AC2C3CB05C00D0D370 /* GatherTests.xctest */ = {isa = PBXFileReference; explicitFileType = wrapper.cfbundle; includeInIndex = 0; path = GatherTests.xctest; sourceTree = BUILT_PRODUCTS_DIR; };
		6C5732B02C3CB05C00D0D370 /* GatherTests.swift */ = {isa = PBXFileReference; lastKnownFileType = sourcecode.swift; path = GatherTests.swift; sourceTree = "<group>"; };
		6C5732B62C3CB05C00D0D370 /* GatherUITests.xctest */ = {isa = PBXFileReference; explicitFileType = wrapper.cfbundle; includeInIndex = 0; path = GatherUITests.xctest; sourceTree = BUILT_PRODUCTS_DIR; };
		6C5732BA2C3CB05C00D0D370 /* GatherUITests.swift */ = {isa = PBXFileReference; lastKnownFileType = sourcecode.swift; path = GatherUITests.swift; sourceTree = "<group>"; };
		6C5732BC2C3CB05C00D0D370 /* GatherUITestsLaunchTests.swift */ = {isa = PBXFileReference; lastKnownFileType = sourcecode.swift; path = GatherUITestsLaunchTests.swift; sourceTree = "<group>"; };
		6C94565F2CEFCF6300FB4D5F /* EditEventScreen.swift */ = {isa = PBXFileReference; lastKnownFileType = sourcecode.swift; path = EditEventScreen.swift; sourceTree = "<group>"; };
		6CC64D532CEFB09400828F86 /* EventData.swift */ = {isa = PBXFileReference; lastKnownFileType = sourcecode.swift; path = EventData.swift; sourceTree = "<group>"; };
		6CC64D592CEFB54400828F86 /* GatherButton.swift */ = {isa = PBXFileReference; lastKnownFileType = sourcecode.swift; path = GatherButton.swift; sourceTree = "<group>"; };
		6CC64D5B2CEFCA4800828F86 /* ViewEventsScreen.swift */ = {isa = PBXFileReference; lastKnownFileType = sourcecode.swift; path = ViewEventsScreen.swift; sourceTree = "<group>"; };
/* End PBXFileReference section */

/* Begin PBXFrameworksBuildPhase section */
		6C5732992C3CB05A00D0D370 /* Frameworks */ = {
			isa = PBXFrameworksBuildPhase;
			buildActionMask = 2147483647;
			files = (
			);
			runOnlyForDeploymentPostprocessing = 0;
		};
		6C5732A92C3CB05C00D0D370 /* Frameworks */ = {
			isa = PBXFrameworksBuildPhase;
			buildActionMask = 2147483647;
			files = (
			);
			runOnlyForDeploymentPostprocessing = 0;
		};
		6C5732B32C3CB05C00D0D370 /* Frameworks */ = {
			isa = PBXFrameworksBuildPhase;
			buildActionMask = 2147483647;
			files = (
			);
			runOnlyForDeploymentPostprocessing = 0;
		};
/* End PBXFrameworksBuildPhase section */

/* Begin PBXGroup section */
		6C5732932C3CB05A00D0D370 = {
			isa = PBXGroup;
			children = (
				6C57329E2C3CB05A00D0D370 /* Gather */,
				6C5732AF2C3CB05C00D0D370 /* GatherTests */,
				6C5732B92C3CB05C00D0D370 /* GatherUITests */,
				6C57329D2C3CB05A00D0D370 /* Products */,
			);
			sourceTree = "<group>";
		};
		6C57329D2C3CB05A00D0D370 /* Products */ = {
			isa = PBXGroup;
			children = (
				6C57329C2C3CB05A00D0D370 /* Gather.app */,
				6C5732AC2C3CB05C00D0D370 /* GatherTests.xctest */,
				6C5732B62C3CB05C00D0D370 /* GatherUITests.xctest */,
			);
			name = Products;
			sourceTree = "<group>";
		};
		6C57329E2C3CB05A00D0D370 /* Gather */ = {
			isa = PBXGroup;
			children = (
				6CC64D582CEFB52A00828F86 /* Components */,
				6CC64D552CEFB32E00828F86 /* Screens */,
				6CC64D532CEFB09400828F86 /* EventData.swift */,
				6C57329F2C3CB05A00D0D370 /* GatherApp.swift */,
				6C5732A12C3CB05A00D0D370 /* ContentView.swift */,
				6C34344B2C45F15E00DD34E7 /* AppFlowController.swift */,
				6C5732A32C3CB05B00D0D370 /* Assets.xcassets */,
				6C5732A52C3CB05B00D0D370 /* Preview Content */,
			);
			path = Gather;
			sourceTree = "<group>";
		};
		6C5732A52C3CB05B00D0D370 /* Preview Content */ = {
			isa = PBXGroup;
			children = (
				6C5732A62C3CB05B00D0D370 /* Preview Assets.xcassets */,
			);
			path = "Preview Content";
			sourceTree = "<group>";
		};
		6C5732AF2C3CB05C00D0D370 /* GatherTests */ = {
			isa = PBXGroup;
			children = (
				6C5732B02C3CB05C00D0D370 /* GatherTests.swift */,
			);
			path = GatherTests;
			sourceTree = "<group>";
		};
		6C5732B92C3CB05C00D0D370 /* GatherUITests */ = {
			isa = PBXGroup;
			children = (
				6C5732BA2C3CB05C00D0D370 /* GatherUITests.swift */,
				6C5732BC2C3CB05C00D0D370 /* GatherUITestsLaunchTests.swift */,
			);
			path = GatherUITests;
			sourceTree = "<group>";
		};
		6CC64D552CEFB32E00828F86 /* Screens */ = {
			isa = PBXGroup;
			children = (
				6C34344D2C59ACD000DD34E7 /* CreateEventScreen.swift */,
				6C3434492C45ED9B00DD34E7 /* GatherLandingScreen.swift */,
				6CC64D5B2CEFCA4800828F86 /* ViewEventsScreen.swift */,
				6C94565F2CEFCF6300FB4D5F /* EditEventScreen.swift */,
			);
			path = Screens;
			sourceTree = "<group>";
		};
		6CC64D582CEFB52A00828F86 /* Components */ = {
			isa = PBXGroup;
			children = (
				6CC64D592CEFB54400828F86 /* GatherButton.swift */,
			);
			name = Components;
			path = "New Group";
			sourceTree = "<group>";
		};
/* End PBXGroup section */

/* Begin PBXNativeTarget section */
		6C57329B2C3CB05A00D0D370 /* Gather */ = {
			isa = PBXNativeTarget;
			buildConfigurationList = 6C5732C02C3CB05C00D0D370 /* Build configuration list for PBXNativeTarget "Gather" */;
			buildPhases = (
				6C5732982C3CB05A00D0D370 /* Sources */,
				6C5732992C3CB05A00D0D370 /* Frameworks */,
				6C57329A2C3CB05A00D0D370 /* Resources */,
			);
			buildRules = (
			);
			dependencies = (
			);
			name = Gather;
			productName = Gather;
			productReference = 6C57329C2C3CB05A00D0D370 /* Gather.app */;
			productType = "com.apple.product-type.application";
		};
		6C5732AB2C3CB05C00D0D370 /* GatherTests */ = {
			isa = PBXNativeTarget;
			buildConfigurationList = 6C5732C32C3CB05C00D0D370 /* Build configuration list for PBXNativeTarget "GatherTests" */;
			buildPhases = (
				6C5732A82C3CB05C00D0D370 /* Sources */,
				6C5732A92C3CB05C00D0D370 /* Frameworks */,
				6C5732AA2C3CB05C00D0D370 /* Resources */,
			);
			buildRules = (
			);
			dependencies = (
				6C5732AE2C3CB05C00D0D370 /* PBXTargetDependency */,
			);
			name = GatherTests;
			productName = GatherTests;
			productReference = 6C5732AC2C3CB05C00D0D370 /* GatherTests.xctest */;
			productType = "com.apple.product-type.bundle.unit-test";
		};
		6C5732B52C3CB05C00D0D370 /* GatherUITests */ = {
			isa = PBXNativeTarget;
			buildConfigurationList = 6C5732C62C3CB05C00D0D370 /* Build configuration list for PBXNativeTarget "GatherUITests" */;
			buildPhases = (
				6C5732B22C3CB05C00D0D370 /* Sources */,
				6C5732B32C3CB05C00D0D370 /* Frameworks */,
				6C5732B42C3CB05C00D0D370 /* Resources */,
			);
			buildRules = (
			);
			dependencies = (
				6C5732B82C3CB05C00D0D370 /* PBXTargetDependency */,
			);
			name = GatherUITests;
			productName = GatherUITests;
			productReference = 6C5732B62C3CB05C00D0D370 /* GatherUITests.xctest */;
			productType = "com.apple.product-type.bundle.ui-testing";
		};
/* End PBXNativeTarget section */

/* Begin PBXProject section */
		6C5732942C3CB05A00D0D370 /* Project object */ = {
			isa = PBXProject;
			attributes = {
				BuildIndependentTargetsInParallel = 1;
				LastSwiftUpdateCheck = 1540;
				LastUpgradeCheck = 1540;
				TargetAttributes = {
					6C57329B2C3CB05A00D0D370 = {
						CreatedOnToolsVersion = 15.4;
					};
					6C5732AB2C3CB05C00D0D370 = {
						CreatedOnToolsVersion = 15.4;
						TestTargetID = 6C57329B2C3CB05A00D0D370;
					};
					6C5732B52C3CB05C00D0D370 = {
						CreatedOnToolsVersion = 15.4;
						TestTargetID = 6C57329B2C3CB05A00D0D370;
					};
				};
			};
			buildConfigurationList = 6C5732972C3CB05A00D0D370 /* Build configuration list for PBXProject "Gather" */;
			compatibilityVersion = "Xcode 14.0";
			developmentRegion = en;
			hasScannedForEncodings = 0;
			knownRegions = (
				en,
				Base,
			);
			mainGroup = 6C5732932C3CB05A00D0D370;
			productRefGroup = 6C57329D2C3CB05A00D0D370 /* Products */;
			projectDirPath = "";
			projectRoot = "";
			targets = (
				6C57329B2C3CB05A00D0D370 /* Gather */,
				6C5732AB2C3CB05C00D0D370 /* GatherTests */,
				6C5732B52C3CB05C00D0D370 /* GatherUITests */,
			);
		};
/* End PBXProject section */

/* Begin PBXResourcesBuildPhase section */
		6C57329A2C3CB05A00D0D370 /* Resources */ = {
			isa = PBXResourcesBuildPhase;
			buildActionMask = 2147483647;
			files = (
				6C5732A72C3CB05B00D0D370 /* Preview Assets.xcassets in Resources */,
				6C5732A42C3CB05B00D0D370 /* Assets.xcassets in Resources */,
			);
			runOnlyForDeploymentPostprocessing = 0;
		};
		6C5732AA2C3CB05C00D0D370 /* Resources */ = {
			isa = PBXResourcesBuildPhase;
			buildActionMask = 2147483647;
			files = (
			);
			runOnlyForDeploymentPostprocessing = 0;
		};
		6C5732B42C3CB05C00D0D370 /* Resources */ = {
			isa = PBXResourcesBuildPhase;
			buildActionMask = 2147483647;
			files = (
			);
			runOnlyForDeploymentPostprocessing = 0;
		};
/* End PBXResourcesBuildPhase section */

/* Begin PBXSourcesBuildPhase section */
		6C5732982C3CB05A00D0D370 /* Sources */ = {
			isa = PBXSourcesBuildPhase;
			buildActionMask = 2147483647;
			files = (
				6C5732A22C3CB05A00D0D370 /* ContentView.swift in Sources */,
				6CC64D5C2CEFCA4800828F86 /* ViewEventsScreen.swift in Sources */,
				6C5732A02C3CB05A00D0D370 /* GatherApp.swift in Sources */,
				6CC64D542CEFB09400828F86 /* EventData.swift in Sources */,
				6C34344C2C45F15E00DD34E7 /* AppFlowController.swift in Sources */,
				6C34344A2C45ED9B00DD34E7 /* GatherLandingScreen.swift in Sources */,
				6C9456602CEFCF6300FB4D5F /* EditEventScreen.swift in Sources */,
				6C34344E2C59ACD000DD34E7 /* CreateEventScreen.swift in Sources */,
				6CC64D5A2CEFB54400828F86 /* GatherButton.swift in Sources */,
			);
			runOnlyForDeploymentPostprocessing = 0;
		};
		6C5732A82C3CB05C00D0D370 /* Sources */ = {
			isa = PBXSourcesBuildPhase;
			buildActionMask = 2147483647;
			files = (
				6C5732B12C3CB05C00D0D370 /* GatherTests.swift in Sources */,
			);
			runOnlyForDeploymentPostprocessing = 0;
		};
		6C5732B22C3CB05C00D0D370 /* Sources */ = {
			isa = PBXSourcesBuildPhase;
			buildActionMask = 2147483647;
			files = (
				6C5732BB2C3CB05C00D0D370 /* GatherUITests.swift in Sources */,
				6C5732BD2C3CB05C00D0D370 /* GatherUITestsLaunchTests.swift in Sources */,
			);
			runOnlyForDeploymentPostprocessing = 0;
		};
/* End PBXSourcesBuildPhase section */

/* Begin PBXTargetDependency section */
		6C5732AE2C3CB05C00D0D370 /* PBXTargetDependency */ = {
			isa = PBXTargetDependency;
			target = 6C57329B2C3CB05A00D0D370 /* Gather */;
			targetProxy = 6C5732AD2C3CB05C00D0D370 /* PBXContainerItemProxy */;
		};
		6C5732B82C3CB05C00D0D370 /* PBXTargetDependency */ = {
			isa = PBXTargetDependency;
			target = 6C57329B2C3CB05A00D0D370 /* Gather */;
			targetProxy = 6C5732B72C3CB05C00D0D370 /* PBXContainerItemProxy */;
		};
/* End PBXTargetDependency section */

/* Begin XCBuildConfiguration section */
		6C5732BE2C3CB05C00D0D370 /* Debug */ = {
			isa = XCBuildConfiguration;
			buildSettings = {
				ALWAYS_SEARCH_USER_PATHS = NO;
				ASSETCATALOG_COMPILER_GENERATE_SWIFT_ASSET_SYMBOL_EXTENSIONS = YES;
				CLANG_ANALYZER_NONNULL = YES;
				CLANG_ANALYZER_NUMBER_OBJECT_CONVERSION = YES_AGGRESSIVE;
				CLANG_CXX_LANGUAGE_STANDARD = "gnu++20";
				CLANG_ENABLE_MODULES = YES;
				CLANG_ENABLE_OBJC_ARC = YES;
				CLANG_ENABLE_OBJC_WEAK = YES;
				CLANG_WARN_BLOCK_CAPTURE_AUTORELEASING = YES;
				CLANG_WARN_BOOL_CONVERSION = YES;
				CLANG_WARN_COMMA = YES;
				CLANG_WARN_CONSTANT_CONVERSION = YES;
				CLANG_WARN_DEPRECATED_OBJC_IMPLEMENTATIONS = YES;
				CLANG_WARN_DIRECT_OBJC_ISA_USAGE = YES_ERROR;
				CLANG_WARN_DOCUMENTATION_COMMENTS = YES;
				CLANG_WARN_EMPTY_BODY = YES;
				CLANG_WARN_ENUM_CONVERSION = YES;
				CLANG_WARN_INFINITE_RECURSION = YES;
				CLANG_WARN_INT_CONVERSION = YES;
				CLANG_WARN_NON_LITERAL_NULL_CONVERSION = YES;
				CLANG_WARN_OBJC_IMPLICIT_RETAIN_SELF = YES;
				CLANG_WARN_OBJC_LITERAL_CONVERSION = YES;
				CLANG_WARN_OBJC_ROOT_CLASS = YES_ERROR;
				CLANG_WARN_QUOTED_INCLUDE_IN_FRAMEWORK_HEADER = YES;
				CLANG_WARN_RANGE_LOOP_ANALYSIS = YES;
				CLANG_WARN_STRICT_PROTOTYPES = YES;
				CLANG_WARN_SUSPICIOUS_MOVE = YES;
				CLANG_WARN_UNGUARDED_AVAILABILITY = YES_AGGRESSIVE;
				CLANG_WARN_UNREACHABLE_CODE = YES;
				CLANG_WARN__DUPLICATE_METHOD_MATCH = YES;
				COPY_PHASE_STRIP = NO;
				DEBUG_INFORMATION_FORMAT = dwarf;
				ENABLE_STRICT_OBJC_MSGSEND = YES;
				ENABLE_TESTABILITY = YES;
				ENABLE_USER_SCRIPT_SANDBOXING = YES;
				GCC_C_LANGUAGE_STANDARD = gnu17;
				GCC_DYNAMIC_NO_PIC = NO;
				GCC_NO_COMMON_BLOCKS = YES;
				GCC_OPTIMIZATION_LEVEL = 0;
				GCC_PREPROCESSOR_DEFINITIONS = (
					"DEBUG=1",
					"$(inherited)",
				);
				GCC_WARN_64_TO_32_BIT_CONVERSION = YES;
				GCC_WARN_ABOUT_RETURN_TYPE = YES_ERROR;
				GCC_WARN_UNDECLARED_SELECTOR = YES;
				GCC_WARN_UNINITIALIZED_AUTOS = YES_AGGRESSIVE;
				GCC_WARN_UNUSED_FUNCTION = YES;
				GCC_WARN_UNUSED_VARIABLE = YES;
				IPHONEOS_DEPLOYMENT_TARGET = 17.5;
				LOCALIZATION_PREFERS_STRING_CATALOGS = YES;
				MTL_ENABLE_DEBUG_INFO = INCLUDE_SOURCE;
				MTL_FAST_MATH = YES;
				ONLY_ACTIVE_ARCH = YES;
				SDKROOT = iphoneos;
				SWIFT_ACTIVE_COMPILATION_CONDITIONS = "DEBUG $(inherited)";
				SWIFT_OPTIMIZATION_LEVEL = "-Onone";
			};
			name = Debug;
		};
		6C5732BF2C3CB05C00D0D370 /* Release */ = {
			isa = XCBuildConfiguration;
			buildSettings = {
				ALWAYS_SEARCH_USER_PATHS = NO;
				ASSETCATALOG_COMPILER_GENERATE_SWIFT_ASSET_SYMBOL_EXTENSIONS = YES;
				CLANG_ANALYZER_NONNULL = YES;
				CLANG_ANALYZER_NUMBER_OBJECT_CONVERSION = YES_AGGRESSIVE;
				CLANG_CXX_LANGUAGE_STANDARD = "gnu++20";
				CLANG_ENABLE_MODULES = YES;
				CLANG_ENABLE_OBJC_ARC = YES;
				CLANG_ENABLE_OBJC_WEAK = YES;
				CLANG_WARN_BLOCK_CAPTURE_AUTORELEASING = YES;
				CLANG_WARN_BOOL_CONVERSION = YES;
				CLANG_WARN_COMMA = YES;
				CLANG_WARN_CONSTANT_CONVERSION = YES;
				CLANG_WARN_DEPRECATED_OBJC_IMPLEMENTATIONS = YES;
				CLANG_WARN_DIRECT_OBJC_ISA_USAGE = YES_ERROR;
				CLANG_WARN_DOCUMENTATION_COMMENTS = YES;
				CLANG_WARN_EMPTY_BODY = YES;
				CLANG_WARN_ENUM_CONVERSION = YES;
				CLANG_WARN_INFINITE_RECURSION = YES;
				CLANG_WARN_INT_CONVERSION = YES;
				CLANG_WARN_NON_LITERAL_NULL_CONVERSION = YES;
				CLANG_WARN_OBJC_IMPLICIT_RETAIN_SELF = YES;
				CLANG_WARN_OBJC_LITERAL_CONVERSION = YES;
				CLANG_WARN_OBJC_ROOT_CLASS = YES_ERROR;
				CLANG_WARN_QUOTED_INCLUDE_IN_FRAMEWORK_HEADER = YES;
				CLANG_WARN_RANGE_LOOP_ANALYSIS = YES;
				CLANG_WARN_STRICT_PROTOTYPES = YES;
				CLANG_WARN_SUSPICIOUS_MOVE = YES;
				CLANG_WARN_UNGUARDED_AVAILABILITY = YES_AGGRESSIVE;
				CLANG_WARN_UNREACHABLE_CODE = YES;
				CLANG_WARN__DUPLICATE_METHOD_MATCH = YES;
				COPY_PHASE_STRIP = NO;
				DEBUG_INFORMATION_FORMAT = "dwarf-with-dsym";
				ENABLE_NS_ASSERTIONS = NO;
				ENABLE_STRICT_OBJC_MSGSEND = YES;
				ENABLE_USER_SCRIPT_SANDBOXING = YES;
				GCC_C_LANGUAGE_STANDARD = gnu17;
				GCC_NO_COMMON_BLOCKS = YES;
				GCC_WARN_64_TO_32_BIT_CONVERSION = YES;
				GCC_WARN_ABOUT_RETURN_TYPE = YES_ERROR;
				GCC_WARN_UNDECLARED_SELECTOR = YES;
				GCC_WARN_UNINITIALIZED_AUTOS = YES_AGGRESSIVE;
				GCC_WARN_UNUSED_FUNCTION = YES;
				GCC_WARN_UNUSED_VARIABLE = YES;
				IPHONEOS_DEPLOYMENT_TARGET = 17.5;
				LOCALIZATION_PREFERS_STRING_CATALOGS = YES;
				MTL_ENABLE_DEBUG_INFO = NO;
				MTL_FAST_MATH = YES;
				SDKROOT = iphoneos;
				SWIFT_COMPILATION_MODE = wholemodule;
				VALIDATE_PRODUCT = YES;
			};
			name = Release;
		};
		6C5732C12C3CB05C00D0D370 /* Debug */ = {
			isa = XCBuildConfiguration;
			buildSettings = {
				ASSETCATALOG_COMPILER_APPICON_NAME = AppIcon;
				ASSETCATALOG_COMPILER_GLOBAL_ACCENT_COLOR_NAME = AccentColor;
				CODE_SIGN_STYLE = Automatic;
				CURRENT_PROJECT_VERSION = 1;
				DEVELOPMENT_ASSET_PATHS = "\"Gather/Preview Content\"";
				ENABLE_PREVIEWS = YES;
				GENERATE_INFOPLIST_FILE = YES;
				INFOPLIST_KEY_UIApplicationSceneManifest_Generation = YES;
				INFOPLIST_KEY_UIApplicationSupportsIndirectInputEvents = YES;
				INFOPLIST_KEY_UILaunchScreen_Generation = YES;
				INFOPLIST_KEY_UISupportedInterfaceOrientations_iPad = "UIInterfaceOrientationPortrait UIInterfaceOrientationPortraitUpsideDown UIInterfaceOrientationLandscapeLeft UIInterfaceOrientationLandscapeRight";
				INFOPLIST_KEY_UISupportedInterfaceOrientations_iPhone = "UIInterfaceOrientationPortrait UIInterfaceOrientationLandscapeLeft UIInterfaceOrientationLandscapeRight";
				LD_RUNPATH_SEARCH_PATHS = (
					"$(inherited)",
					"@executable_path/Frameworks",
				);
				MARKETING_VERSION = 1.0;
				PRODUCT_BUNDLE_IDENTIFIER = com.daitch.Gather;
				PRODUCT_NAME = "$(TARGET_NAME)";
				SWIFT_EMIT_LOC_STRINGS = YES;
				SWIFT_VERSION = 5.0;
				TARGETED_DEVICE_FAMILY = "1,2";
			};
			name = Debug;
		};
		6C5732C22C3CB05C00D0D370 /* Release */ = {
			isa = XCBuildConfiguration;
			buildSettings = {
				ASSETCATALOG_COMPILER_APPICON_NAME = AppIcon;
				ASSETCATALOG_COMPILER_GLOBAL_ACCENT_COLOR_NAME = AccentColor;
				CODE_SIGN_STYLE = Automatic;
				CURRENT_PROJECT_VERSION = 1;
				DEVELOPMENT_ASSET_PATHS = "\"Gather/Preview Content\"";
				ENABLE_PREVIEWS = YES;
				GENERATE_INFOPLIST_FILE = YES;
				INFOPLIST_KEY_UIApplicationSceneManifest_Generation = YES;
				INFOPLIST_KEY_UIApplicationSupportsIndirectInputEvents = YES;
				INFOPLIST_KEY_UILaunchScreen_Generation = YES;
				INFOPLIST_KEY_UISupportedInterfaceOrientations_iPad = "UIInterfaceOrientationPortrait UIInterfaceOrientationPortraitUpsideDown UIInterfaceOrientationLandscapeLeft UIInterfaceOrientationLandscapeRight";
				INFOPLIST_KEY_UISupportedInterfaceOrientations_iPhone = "UIInterfaceOrientationPortrait UIInterfaceOrientationLandscapeLeft UIInterfaceOrientationLandscapeRight";
				LD_RUNPATH_SEARCH_PATHS = (
					"$(inherited)",
					"@executable_path/Frameworks",
				);
				MARKETING_VERSION = 1.0;
				PRODUCT_BUNDLE_IDENTIFIER = com.daitch.Gather;
				PRODUCT_NAME = "$(TARGET_NAME)";
				SWIFT_EMIT_LOC_STRINGS = YES;
				SWIFT_VERSION = 5.0;
				TARGETED_DEVICE_FAMILY = "1,2";
			};
			name = Release;
		};
		6C5732C42C3CB05C00D0D370 /* Debug */ = {
			isa = XCBuildConfiguration;
			buildSettings = {
				ALWAYS_EMBED_SWIFT_STANDARD_LIBRARIES = YES;
				BUNDLE_LOADER = "$(TEST_HOST)";
				CODE_SIGN_STYLE = Automatic;
				CURRENT_PROJECT_VERSION = 1;
				GENERATE_INFOPLIST_FILE = YES;
				IPHONEOS_DEPLOYMENT_TARGET = 17.5;
				MARKETING_VERSION = 1.0;
				PRODUCT_BUNDLE_IDENTIFIER = com.daitch.GatherTests;
				PRODUCT_NAME = "$(TARGET_NAME)";
				SWIFT_EMIT_LOC_STRINGS = NO;
				SWIFT_VERSION = 5.0;
				TARGETED_DEVICE_FAMILY = "1,2";
				TEST_HOST = "$(BUILT_PRODUCTS_DIR)/Gather.app/$(BUNDLE_EXECUTABLE_FOLDER_PATH)/Gather";
			};
			name = Debug;
		};
		6C5732C52C3CB05C00D0D370 /* Release */ = {
			isa = XCBuildConfiguration;
			buildSettings = {
				ALWAYS_EMBED_SWIFT_STANDARD_LIBRARIES = YES;
				BUNDLE_LOADER = "$(TEST_HOST)";
				CODE_SIGN_STYLE = Automatic;
				CURRENT_PROJECT_VERSION = 1;
				GENERATE_INFOPLIST_FILE = YES;
				IPHONEOS_DEPLOYMENT_TARGET = 17.5;
				MARKETING_VERSION = 1.0;
				PRODUCT_BUNDLE_IDENTIFIER = com.daitch.GatherTests;
				PRODUCT_NAME = "$(TARGET_NAME)";
				SWIFT_EMIT_LOC_STRINGS = NO;
				SWIFT_VERSION = 5.0;
				TARGETED_DEVICE_FAMILY = "1,2";
				TEST_HOST = "$(BUILT_PRODUCTS_DIR)/Gather.app/$(BUNDLE_EXECUTABLE_FOLDER_PATH)/Gather";
			};
			name = Release;
		};
		6C5732C72C3CB05C00D0D370 /* Debug */ = {
			isa = XCBuildConfiguration;
			buildSettings = {
				ALWAYS_EMBED_SWIFT_STANDARD_LIBRARIES = YES;
				CODE_SIGN_STYLE = Automatic;
				CURRENT_PROJECT_VERSION = 1;
				GENERATE_INFOPLIST_FILE = YES;
				MARKETING_VERSION = 1.0;
				PRODUCT_BUNDLE_IDENTIFIER = com.daitch.GatherUITests;
				PRODUCT_NAME = "$(TARGET_NAME)";
				SWIFT_EMIT_LOC_STRINGS = NO;
				SWIFT_VERSION = 5.0;
				TARGETED_DEVICE_FAMILY = "1,2";
				TEST_TARGET_NAME = Gather;
			};
			name = Debug;
		};
		6C5732C82C3CB05C00D0D370 /* Release */ = {
			isa = XCBuildConfiguration;
			buildSettings = {
				ALWAYS_EMBED_SWIFT_STANDARD_LIBRARIES = YES;
				CODE_SIGN_STYLE = Automatic;
				CURRENT_PROJECT_VERSION = 1;
				GENERATE_INFOPLIST_FILE = YES;
				MARKETING_VERSION = 1.0;
				PRODUCT_BUNDLE_IDENTIFIER = com.daitch.GatherUITests;
				PRODUCT_NAME = "$(TARGET_NAME)";
				SWIFT_EMIT_LOC_STRINGS = NO;
				SWIFT_VERSION = 5.0;
				TARGETED_DEVICE_FAMILY = "1,2";
				TEST_TARGET_NAME = Gather;
			};
			name = Release;
		};
/* End XCBuildConfiguration section */

/* Begin XCConfigurationList section */
		6C5732972C3CB05A00D0D370 /* Build configuration list for PBXProject "Gather" */ = {
			isa = XCConfigurationList;
			buildConfigurations = (
				6C5732BE2C3CB05C00D0D370 /* Debug */,
				6C5732BF2C3CB05C00D0D370 /* Release */,
			);
			defaultConfigurationIsVisible = 0;
			defaultConfigurationName = Release;
		};
		6C5732C02C3CB05C00D0D370 /* Build configuration list for PBXNativeTarget "Gather" */ = {
			isa = XCConfigurationList;
			buildConfigurations = (
				6C5732C12C3CB05C00D0D370 /* Debug */,
				6C5732C22C3CB05C00D0D370 /* Release */,
			);
			defaultConfigurationIsVisible = 0;
			defaultConfigurationName = Release;
		};
		6C5732C32C3CB05C00D0D370 /* Build configuration list for PBXNativeTarget "GatherTests" */ = {
			isa = XCConfigurationList;
			buildConfigurations = (
				6C5732C42C3CB05C00D0D370 /* Debug */,
				6C5732C52C3CB05C00D0D370 /* Release */,
			);
			defaultConfigurationIsVisible = 0;
			defaultConfigurationName = Release;
		};
		6C5732C62C3CB05C00D0D370 /* Build configuration list for PBXNativeTarget "GatherUITests" */ = {
			isa = XCConfigurationList;
			buildConfigurations = (
				6C5732C72C3CB05C00D0D370 /* Debug */,
				6C5732C82C3CB05C00D0D370 /* Release */,
			);
			defaultConfigurationIsVisible = 0;
			defaultConfigurationName = Release;
		};
/* End XCConfigurationList section */
	};
	rootObject = 6C5732942C3CB05A00D0D370 /* Project object */;
}
